PODS:
  - Alamofire (5.9.1)
  - FlexLayout (2.0.07)
  - Moya (15.0.0):
    - Moya/Core (= 15.0.0)
  - Moya/Core (15.0.0):
    - Alamofire (~> 5.0)
  - Moya/RxSwift (15.0.0):
    - Moya/Core
    - RxSwift (~> 6.0)
  - PinLayout (1.10.5)
  - ReactorKit (3.2.0):
    - RxSwift (~> 6.0)
    - WeakMapTable (~> 1.1)
  - RxCocoa (6.6.0):
    - RxRelay (= 6.6.0)
    - RxSwift (= 6.6.0)
  - RxRelay (6.6.0):
    - RxSwift (= 6.6.0)
  - RxSwift (6.6.0)
  - WeakMapTable (1.2.0)

DEPENDENCIES:
  - FlexLayout
  - Moya (~> 15.0)
  - Moya/RxSwift (~> 15.0)
  - PinLayout
  - ReactorKit
  - RxCocoa (~> 6.6.0)
  - RxSwift (~> 6.6.0)

SPEC REPOS:
  trunk:
    - Alamofire
    - FlexLayout
    - Moya
    - PinLayout
    - ReactorKit
    - RxCocoa
    - RxRelay
    - RxSwift
    - WeakMapTable

SPEC CHECKSUMS:
  Alamofire: f36a35757af4587d8e4f4bfa223ad10be2422b8c
  FlexLayout: a1facfeac0e0b397a74cfb1d83d1ba93b98f7c52
  Moya: 138f0573e53411fb3dc17016add0b748dfbd78ee
  PinLayout: f6c2b63a5a5b24864064e1d15c67de41b4e74748
  ReactorKit: e8b11d6b9c415405f381669b095c154a05b59eca
  RxCocoa: 44a80de90e25b739b5aeaae3c8c371a32e3343cc
  RxRelay: 45eaa5db8ee4fb50e5ebd57deec0159e97fa51e6
  RxSwift: a4b44f7d24599f674deebd1818eab82e58410632
  WeakMapTable: 05c694ce8439a7a9ebabb56187287a63c57673d6

PODFILE CHECKSUM: fbfe8498d56c26a9299f97bc39cf26d606ea3f86

COCOAPODS: 1.15.2
