{
  "originHash" : "f98fdbb3edf60fde82abddac65c4b6ba453e220d3ada81f27806923d69e6b6a8",
  "pins" : [
    {
      "identity" : "ribs",
      "kind" : "remoteSourceControl",
      "location" : "https://github.com/uber/RIBs.git",
      "state" : {
        "revision" : "9b5cff6e97b2495b8a7f3e15b544a3ecc1b0359d",
        "version" : "0.16.2"
      }
    },
    {
      "identity" : "rxswift",
      "kind" : "remoteSourceControl",
      "location" : "https://github.com/ReactiveX/RxSwift",
      "state" : {
        "revision" : "9dcaa4b333db437b0fbfaf453fad29069044a8b4",
        "version" : "6.6.0"
      }
    }
  ],
  "version" : 3
}
